# Generated by pub
# See https://dart.dev/tools/pub/glossary#lockfile
packages:
  async:
    dependency: transitive
    description:
      name: async
      url: "https://pub.flutter-io.cn"
    source: hosted
    version: "2.5.0-nullsafety.1"
  boolean_selector:
    dependency: transitive
    description:
      name: boolean_selector
      url: "https://pub.flutter-io.cn"
    source: hosted
    version: "2.1.0-nullsafety.1"
  characters:
    dependency: transitive
    description:
      name: characters
      url: "https://pub.flutter-io.cn"
    source: hosted
    version: "1.1.0-nullsafety.3"
  charcode:
    dependency: transitive
    description:
      name: charcode
      url: "https://pub.flutter-io.cn"
    source: hosted
    version: "1.2.0-nullsafety.1"
  clock:
    dependency: transitive
    description:
      name: clock
      url: "https://pub.flutter-io.cn"
    source: hosted
    version: "1.1.0-nullsafety.1"
  collection:
    dependency: transitive
    description:
      name: collection
      url: "https://pub.flutter-io.cn"
    source: hosted
    version: "1.15.0-nullsafety.3"
  convert:
    dependency: transitive
    description:
      name: convert
      url: "https://pub.flutter-io.cn"
    source: hosted
    version: "2.1.1"
  crypto:
    dependency: transitive
    description:
      name: crypto
      url: "https://pub.flutter-io.cn"
    source: hosted
    version: "2.1.5"
  cupertino_icons:
    dependency: "direct main"
    description:
      name: cupertino_icons
      url: "https://pub.flutter-io.cn"
    source: hosted
    version: "0.1.3"
  fake_async:
    dependency: transitive
    description:
      name: fake_async
      url: "https://pub.flutter-io.cn"
    source: hosted
    version: "1.2.0-nullsafety.1"
  file:
    dependency: transitive
    description:
      name: file
      url: "https://pub.flutter-io.cn"
    source: hosted
    version: "5.2.1"
  fixnum:
    dependency: transitive
    description:
      name: fixnum
      url: "https://pub.flutter-io.cn"
    source: hosted
    version: "0.10.11"
  flutter:
    dependency: "direct main"
    description: flutter
    source: sdk
    version: "0.0.0"
  flutter_colorpicker:
    dependency: transitive
    description:
      name: flutter_colorpicker
      url: "https://pub.flutter-io.cn"
    source: hosted
    version: "0.3.4"
  flutter_test:
    dependency: "direct dev"
    description: flutter
    source: sdk
    version: "0.0.0"
  flutter_web_plugins:
    dependency: transitive
    description: flutter
    source: sdk
    version: "0.0.0"
  gateway_grpc_api:
    dependency: transitive
    description:
      path: "."
      ref: HEAD
      resolved-ref: "312ea0e778ec7fc5b7144b25716c65751bc767ec"
      url: "https://github.com/OpenIoTHub/gateway-grpc-api"
    source: git
    version: "1.0.0"
  googleapis_auth:
    dependency: transitive
    description:
      name: googleapis_auth
      url: "https://pub.flutter-io.cn"
    source: hosted
    version: "0.2.12"
  grpc:
    dependency: transitive
    description:
      name: grpc
      url: "https://pub.flutter-io.cn"
    source: hosted
    version: "1.0.3"
  http:
    dependency: "direct main"
    description:
      name: http
      url: "https://pub.flutter-io.cn"
    source: hosted
    version: "0.12.2"
  http2:
    dependency: transitive
    description:
      name: http2
      url: "https://pub.flutter-io.cn"
    source: hosted
    version: "1.0.0"
  http_parser:
    dependency: transitive
    description:
      name: http_parser
      url: "https://pub.flutter-io.cn"
    source: hosted
    version: "3.1.4"
  intl:
    dependency: transitive
    description:
      name: intl
      url: "https://pub.flutter-io.cn"
    source: hosted
    version: "0.16.1"
  matcher:
    dependency: transitive
    description:
      name: matcher
      url: "https://pub.flutter-io.cn"
    source: hosted
    version: "0.12.10-nullsafety.1"
  meta:
    dependency: transitive
    description:
      name: meta
      url: "https://pub.flutter-io.cn"
    source: hosted
    version: "1.3.0-nullsafety.3"
  openiothub_api:
    dependency: transitive
    description:
      path: "."
      ref: HEAD
      resolved-ref: b09f6ca03bd8519dbceaddaead14d8887957fd9e
      url: "https://github.com/OpenIoTHub/openiothub_api"
    source: git
    version: "0.0.1"
  openiothub_constants:
    dependency: transitive
    description:
      path: "."
      ref: HEAD
      resolved-ref: cec96b9630a9b189242b2495681d8545afb567c5
      url: "https://github.com/OpenIoTHub/openiothub_constants"
    source: git
    version: "0.0.1"
  openiothub_grpc_api:
    dependency: transitive
    description:
      path: "."
      ref: HEAD
      resolved-ref: b455c173cb1a9d3c3a7a7df9c9dbb7365b545866
      url: "https://github.com/OpenIoTHub/openiothub-grpc-api"
    source: git
    version: "1.0.0"
  openiothub_models:
    dependency: "direct main"
    description:
      path: "."
      ref: HEAD
      resolved-ref: "138ed27e2fdd6a66b1a31bedb0fe38fded284c6a"
      url: "https://github.com/OpenIoTHub/openiothub_models"
    source: git
    version: "0.0.1"
  openiothub_plugin:
    dependency: "direct main"
    description:
      path: "."
      ref: HEAD
      resolved-ref: d224fe635853023f8f350a420694db81fa026434
      url: "https://github.com/OpenIoTHub/openiothub_plugin"
    source: git
    version: "0.0.1"
  path:
    dependency: transitive
    description:
      name: path
      url: "https://pub.flutter-io.cn"
    source: hosted
    version: "1.8.0-nullsafety.1"
  path_provider_linux:
    dependency: transitive
    description:
      name: path_provider_linux
      url: "https://pub.flutter-io.cn"
    source: hosted
    version: "0.0.1+2"
  path_provider_platform_interface:
    dependency: transitive
    description:
      name: path_provider_platform_interface
      url: "https://pub.flutter-io.cn"
    source: hosted
    version: "1.0.3"
  pedantic:
    dependency: transitive
    description:
      name: pedantic
      url: "https://pub.flutter-io.cn"
    source: hosted
    version: "1.9.2"
  petitparser:
    dependency: transitive
    description:
      name: petitparser
      url: "https://pub.flutter-io.cn"
    source: hosted
    version: "3.1.0"
  platform:
    dependency: transitive
    description:
      name: platform
      url: "https://pub.flutter-io.cn"
    source: hosted
    version: "2.2.1"
  platform_detect:
    dependency: transitive
    description:
      name: platform_detect
      url: "https://pub.flutter-io.cn"
    source: hosted
    version: "1.4.0"
  plugin_platform_interface:
    dependency: transitive
    description:
      name: plugin_platform_interface
      url: "https://pub.flutter-io.cn"
    source: hosted
    version: "1.0.2"
  process:
    dependency: transitive
    description:
      name: process
      url: "https://pub.flutter-io.cn"
    source: hosted
    version: "3.0.13"
  protobuf:
    dependency: transitive
    description:
      name: protobuf
      url: "https://pub.flutter-io.cn"
    source: hosted
    version: "1.0.1"
  pub_semver:
    dependency: transitive
    description:
      name: pub_semver
      url: "https://pub.flutter-io.cn"
    source: hosted
    version: "1.4.4"
  retry:
    dependency: transitive
    description:
      name: retry
      url: "https://pub.flutter-io.cn"
    source: hosted
    version: "2.0.0"
  server_grpc_api:
    dependency: transitive
    description:
      path: "."
      ref: HEAD
      resolved-ref: "23f55b20097bc3ae8ae524ac7f187403da7844f7"
      url: "https://github.com/OpenIoTHub/server-grpc-api"
    source: git
    version: "1.0.0"
  shared_preferences:
    dependency: transitive
    description:
      name: shared_preferences
      url: "https://pub.flutter-io.cn"
    source: hosted
    version: "0.5.10"
  shared_preferences_linux:
    dependency: transitive
    description:
      name: shared_preferences_linux
      url: "https://pub.flutter-io.cn"
    source: hosted
    version: "0.0.2+2"
  shared_preferences_macos:
    dependency: transitive
    description:
      name: shared_preferences_macos
      url: "https://pub.flutter-io.cn"
    source: hosted
    version: "0.0.1+10"
  shared_preferences_platform_interface:
    dependency: transitive
    description:
      name: shared_preferences_platform_interface
      url: "https://pub.flutter-io.cn"
    source: hosted
    version: "1.0.4"
  shared_preferences_web:
    dependency: transitive
    description:
      name: shared_preferences_web
      url: "https://pub.flutter-io.cn"
    source: hosted
    version: "0.1.2+7"
  sky_engine:
    dependency: transitive
    description: flutter
    source: sdk
    version: "0.0.99"
  source_span:
    dependency: transitive
    description:
      name: source_span
      url: "https://pub.flutter-io.cn"
    source: hosted
    version: "1.8.0-nullsafety.2"
  stack_trace:
    dependency: transitive
    description:
      name: stack_trace
      url: "https://pub.flutter-io.cn"
    source: hosted
    version: "1.10.0-nullsafety.2"
  stream_channel:
    dependency: transitive
    description:
      name: stream_channel
      url: "https://pub.flutter-io.cn"
    source: hosted
    version: "2.1.0-nullsafety.1"
  string_scanner:
    dependency: transitive
    description:
      name: string_scanner
      url: "https://pub.flutter-io.cn"
    source: hosted
    version: "1.1.0-nullsafety.1"
  term_glyph:
    dependency: transitive
    description:
      name: term_glyph
      url: "https://pub.flutter-io.cn"
    source: hosted
    version: "1.2.0-nullsafety.1"
  test_api:
    dependency: transitive
    description:
      name: test_api
      url: "https://pub.flutter-io.cn"
    source: hosted
    version: "0.2.19-nullsafety.2"
  typed_data:
    dependency: transitive
    description:
      name: typed_data
      url: "https://pub.flutter-io.cn"
    source: hosted
    version: "1.3.0-nullsafety.3"
  url_launcher:
    dependency: transitive
    description:
      name: url_launcher
      url: "https://pub.flutter-io.cn"
    source: hosted
    version: "5.5.2"
  url_launcher_linux:
    dependency: transitive
    description:
      name: url_launcher_linux
      url: "https://pub.flutter-io.cn"
    source: hosted
    version: "0.0.1+1"
  url_launcher_macos:
    dependency: transitive
    description:
      name: url_launcher_macos
      url: "https://pub.flutter-io.cn"
    source: hosted
    version: "0.0.1+7"
  url_launcher_platform_interface:
    dependency: transitive
    description:
      name: url_launcher_platform_interface
      url: "https://pub.flutter-io.cn"
    source: hosted
    version: "1.0.8"
  url_launcher_web:
    dependency: transitive
    description:
      name: url_launcher_web
      url: "https://pub.flutter-io.cn"
    source: hosted
    version: "0.1.3+1"
  uuid:
    dependency: transitive
    description:
      name: uuid
      url: "https://pub.flutter-io.cn"
    source: hosted
    version: "2.2.2"
  vector_math:
    dependency: transitive
    description:
      name: vector_math
      url: "https://pub.flutter-io.cn"
    source: hosted
    version: "2.1.0-nullsafety.3"
  webdav:
    dependency: transitive
    description:
      path: "."
      ref: HEAD
      resolved-ref: b57fdab0fa896d104141f284d529a356292ada57
      url: "https://github.com/OpenIoTHub/dart-webdav"
    source: git
    version: "1.0.6-dev"
  webview_flutter:
    dependency: transitive
    description:
      name: webview_flutter
      url: "https://pub.flutter-io.cn"
    source: hosted
    version: "0.3.22+1"
  xdg_directories:
    dependency: transitive
    description:
      name: xdg_directories
      url: "https://pub.flutter-io.cn"
    source: hosted
    version: "0.1.2"
  xml:
    dependency: transitive
    description:
      name: xml
      url: "https://pub.flutter-io.cn"
    source: hosted
    version: "3.7.0"
sdks:
  dart: ">=2.10.0-110 <=2.11.0-185.0.dev"
  flutter: ">=1.17.0 <2.0.0"
